
Microsoft Visual Studio Solution File, Format Version 12.00
# Visual Studio 15
VisualStudioVersion = 15.0.27130.2027
MinimumVisualStudioVersion = 10.0.40219.1
Project("{FAE04EC0-301F-11D3-BF4B-00C04F79EFBC}") = "DI.Reminder.Web", "DI.Reminder.Web\DI.Reminder.Web.csproj", "{6959C65B-0B56-4DA3-9403-146EC7A167A0}"
EndProject
Project("{FAE04EC0-301F-11D3-BF4B-00C04F79EFBC}") = "DI.Reminder.BL", "DI.Reminder.BL\DI.Reminder.BL.csproj", "{A9D4F4A8-A601-4B84-910C-2CC81C6D2779}"
EndProject
Project("{FAE04EC0-301F-11D3-BF4B-00C04F79EFBC}") = "DI.Reminder.Common", "DI.Reminder.Common\DI.Reminder.Common.csproj", "{B0488789-EE32-4094-8DAF-9E3C95EFAE0F}"
EndProject
Project("{FAE04EC0-301F-11D3-BF4B-00C04F79EFBC}") = "DI.Reminder.Dependence", "DI.Reminder.Dependence\DI.Reminder.Dependence.csproj", "{E7F41FBA-0942-4F39-86CC-005E3DD82FC9}"
EndProject
Project("{E24C65DC-7377-472B-9ABA-BC803B73C61A}") = "AppService", "AppService\", "{1CABCFC4-BFCE-43CA-83E9-D0996E9A2BDF}"
	ProjectSection(WebsiteProperties) = preProject
		TargetFrameworkMoniker = ".NETFramework,Version%3Dv4.6.1"
		Debug.AspNetCompiler.VirtualPath = "/localhost_54201"
		Debug.AspNetCompiler.PhysicalPath = "AppService\"
		Debug.AspNetCompiler.TargetPath = "PrecompiledWeb\localhost_54201\"
		Debug.AspNetCompiler.Updateable = "true"
		Debug.AspNetCompiler.ForceOverwrite = "true"
		Debug.AspNetCompiler.FixedNames = "false"
		Debug.AspNetCompiler.Debug = "True"
		Release.AspNetCompiler.VirtualPath = "/localhost_54201"
		Release.AspNetCompiler.PhysicalPath = "AppService\"
		Release.AspNetCompiler.TargetPath = "PrecompiledWeb\localhost_54201\"
		Release.AspNetCompiler.Updateable = "true"
		Release.AspNetCompiler.ForceOverwrite = "true"
		Release.AspNetCompiler.FixedNames = "false"
		Release.AspNetCompiler.Debug = "False"
		VWDPort = "54201"
		SlnRelativePath = "AppService\"
		DefaultWebSiteLanguage = "Visual C#"
	EndProjectSection
EndProject
Global
	GlobalSection(SolutionConfigurationPlatforms) = preSolution
		Debug|Any CPU = Debug|Any CPU
		Release|Any CPU = Release|Any CPU
	EndGlobalSection
	GlobalSection(ProjectConfigurationPlatforms) = postSolution
		{6959C65B-0B56-4DA3-9403-146EC7A167A0}.Debug|Any CPU.ActiveCfg = Debug|Any CPU
		{6959C65B-0B56-4DA3-9403-146EC7A167A0}.Debug|Any CPU.Build.0 = Debug|Any CPU
		{6959C65B-0B56-4DA3-9403-146EC7A167A0}.Release|Any CPU.ActiveCfg = Release|Any CPU
		{6959C65B-0B56-4DA3-9403-146EC7A167A0}.Release|Any CPU.Build.0 = Release|Any CPU
		{A9D4F4A8-A601-4B84-910C-2CC81C6D2779}.Debug|Any CPU.ActiveCfg = Debug|Any CPU
		{A9D4F4A8-A601-4B84-910C-2CC81C6D2779}.Debug|Any CPU.Build.0 = Debug|Any CPU
		{A9D4F4A8-A601-4B84-910C-2CC81C6D2779}.Release|Any CPU.ActiveCfg = Release|Any CPU
		{A9D4F4A8-A601-4B84-910C-2CC81C6D2779}.Release|Any CPU.Build.0 = Release|Any CPU
		{B0488789-EE32-4094-8DAF-9E3C95EFAE0F}.Debug|Any CPU.ActiveCfg = Debug|Any CPU
		{B0488789-EE32-4094-8DAF-9E3C95EFAE0F}.Debug|Any CPU.Build.0 = Debug|Any CPU
		{B0488789-EE32-4094-8DAF-9E3C95EFAE0F}.Release|Any CPU.ActiveCfg = Release|Any CPU
		{B0488789-EE32-4094-8DAF-9E3C95EFAE0F}.Release|Any CPU.Build.0 = Release|Any CPU
		{E7F41FBA-0942-4F39-86CC-005E3DD82FC9}.Debug|Any CPU.ActiveCfg = Debug|Any CPU
		{E7F41FBA-0942-4F39-86CC-005E3DD82FC9}.Debug|Any CPU.Build.0 = Debug|Any CPU
		{E7F41FBA-0942-4F39-86CC-005E3DD82FC9}.Release|Any CPU.ActiveCfg = Release|Any CPU
		{E7F41FBA-0942-4F39-86CC-005E3DD82FC9}.Release|Any CPU.Build.0 = Release|Any CPU
		{1CABCFC4-BFCE-43CA-83E9-D0996E9A2BDF}.Debug|Any CPU.ActiveCfg = Debug|Any CPU
		{1CABCFC4-BFCE-43CA-83E9-D0996E9A2BDF}.Debug|Any CPU.Build.0 = Debug|Any CPU
		{1CABCFC4-BFCE-43CA-83E9-D0996E9A2BDF}.Release|Any CPU.ActiveCfg = Debug|Any CPU
		{1CABCFC4-BFCE-43CA-83E9-D0996E9A2BDF}.Release|Any CPU.Build.0 = Debug|Any CPU
	EndGlobalSection
	GlobalSection(SolutionProperties) = preSolution
		HideSolutionNode = FALSE
	EndGlobalSection
	GlobalSection(ExtensibilityGlobals) = postSolution
		SolutionGuid = {00ACCFBC-7A5E-4B5D-AD07-19C1EDCA50D1}
	EndGlobalSection
EndGlobal
